
Microsoft Visual Studio Solution File, Format Version 12.00
Project("{FAE04EC0-301F-11D3-BF4B-00C04F79EFBC}") = "TurboCollections", "TurboCollections\TurboCollections.csproj", "{EF3394A5-DDE5-4945-AE88-82DD7F1C6641}"
EndProject
Project("{FAE04EC0-301F-11D3-BF4B-00C04F79EFBC}") = "CustomManagement", "CustomManagement\CustomManagement.csproj", "{F04615D8-BAEB-4F07-BE18-BC3673BED39A}"
EndProject
Project("{FAE04EC0-301F-11D3-BF4B-00C04F79EFBC}") = "TurboCollections.Tests", "TurboCollections.Tests\TurboCollections.Tests.csproj", "{C9AC1D74-654F-458D-8CC0-7D8D673A7972}"
EndProject
Project("{FAE04EC0-301F-11D3-BF4B-00C04F79EFBC}") = "GameStateHistory", "GameStateHistory\GameStateHistory.csproj", "{B7CBF4F0-C99B-4F52-9102-DC2484D76F4D}"
EndProject
Global
	GlobalSection(SolutionConfigurationPlatforms) = preSolution
		Debug|Any CPU = Debug|Any CPU
		Release|Any CPU = Release|Any CPU
	EndGlobalSection
	GlobalSection(ProjectConfigurationPlatforms) = postSolution
		{EF3394A5-DDE5-4945-AE88-82DD7F1C6641}.Debug|Any CPU.ActiveCfg = Debug|Any CPU
		{EF3394A5-DDE5-4945-AE88-82DD7F1C6641}.Debug|Any CPU.Build.0 = Debug|Any CPU
		{EF3394A5-DDE5-4945-AE88-82DD7F1C6641}.Release|Any CPU.ActiveCfg = Release|Any CPU
		{EF3394A5-DDE5-4945-AE88-82DD7F1C6641}.Release|Any CPU.Build.0 = Release|Any CPU
		{F04615D8-BAEB-4F07-BE18-BC3673BED39A}.Debug|Any CPU.ActiveCfg = Debug|Any CPU
		{F04615D8-BAEB-4F07-BE18-BC3673BED39A}.Debug|Any CPU.Build.0 = Debug|Any CPU
		{F04615D8-BAEB-4F07-BE18-BC3673BED39A}.Release|Any CPU.ActiveCfg = Release|Any CPU
		{F04615D8-BAEB-4F07-BE18-BC3673BED39A}.Release|Any CPU.Build.0 = Release|Any CPU
		{C9AC1D74-654F-458D-8CC0-7D8D673A7972}.Debug|Any CPU.ActiveCfg = Debug|Any CPU
		{C9AC1D74-654F-458D-8CC0-7D8D673A7972}.Debug|Any CPU.Build.0 = Debug|Any CPU
		{C9AC1D74-654F-458D-8CC0-7D8D673A7972}.Release|Any CPU.ActiveCfg = Release|Any CPU
		{C9AC1D74-654F-458D-8CC0-7D8D673A7972}.Release|Any CPU.Build.0 = Release|Any CPU
		{B7CBF4F0-C99B-4F52-9102-DC2484D76F4D}.Debug|Any CPU.ActiveCfg = Debug|Any CPU
		{B7CBF4F0-C99B-4F52-9102-DC2484D76F4D}.Debug|Any CPU.Build.0 = Debug|Any CPU
		{B7CBF4F0-C99B-4F52-9102-DC2484D76F4D}.Release|Any CPU.ActiveCfg = Release|Any CPU
		{B7CBF4F0-C99B-4F52-9102-DC2484D76F4D}.Release|Any CPU.Build.0 = Release|Any CPU
	EndGlobalSection
EndGlobal
